
Microsoft Visual Studio Solution File, Format Version 12.00
# Visual Studio Version 17
VisualStudioVersion = 17.3.32825.248
MinimumVisualStudioVersion = 10.0.40219.1
Project("{FAE04EC0-301F-11D3-BF4B-00C04F79EFBC}") = "Lab8_Task1", "Lab8_Task1.csproj", "{F6CEA2AE-28A7-4121-BDA6-37230C5A81DC}"
EndProject
Global
	GlobalSection(SolutionConfigurationPlatforms) = preSolution
		Debug|Any CPU = Debug|Any CPU
		Release|Any CPU = Release|Any CPU
	EndGlobalSection
	GlobalSection(ProjectConfigurationPlatforms) = postSolution
		{F6CEA2AE-28A7-4121-BDA6-37230C5A81DC}.Debug|Any CPU.ActiveCfg = Debug|Any CPU
		{F6CEA2AE-28A7-4121-BDA6-37230C5A81DC}.Debug|Any CPU.Build.0 = Debug|Any CPU
		{F6CEA2AE-28A7-4121-BDA6-37230C5A81DC}.Release|Any CPU.ActiveCfg = Release|Any CPU
		{F6CEA2AE-28A7-4121-BDA6-37230C5A81DC}.Release|Any CPU.Build.0 = Release|Any CPU
	EndGlobalSection
	GlobalSection(SolutionProperties) = preSolution
		HideSolutionNode = FALSE
	EndGlobalSection
	GlobalSection(ExtensibilityGlobals) = postSolution
		SolutionGuid = {0BCFD2F0-DBDA-4982-B622-F4113F4B18EC}
	EndGlobalSection
EndGlobal
